
Microsoft Visual Studio Solution File, Format Version 12.00
# Visual Studio 15
VisualStudioVersion = 15.0.27625.0
MinimumVisualStudioVersion = 10.0.40219.1
Project("{FAE04EC0-301F-11D3-BF4B-00C04F79EFBC}") = "CanottaggioGui", "CanottaggioGui\CanottaggioGui.csproj", "{C1AA6354-446D-46A6-B3D7-743E2F5CFB0B}"
EndProject
Global
	GlobalSection(SolutionConfigurationPlatforms) = preSolution
		Debug|Any CPU = Debug|Any CPU
		Release|Any CPU = Release|Any CPU
	EndGlobalSection
	GlobalSection(ProjectConfigurationPlatforms) = postSolution
		{C1AA6354-446D-46A6-B3D7-743E2F5CFB0B}.Debug|Any CPU.ActiveCfg = Debug|Any CPU
		{C1AA6354-446D-46A6-B3D7-743E2F5CFB0B}.Debug|Any CPU.Build.0 = Debug|Any CPU
		{C1AA6354-446D-46A6-B3D7-743E2F5CFB0B}.Release|Any CPU.ActiveCfg = Release|Any CPU
		{C1AA6354-446D-46A6-B3D7-743E2F5CFB0B}.Release|Any CPU.Build.0 = Release|Any CPU
	EndGlobalSection
	GlobalSection(SolutionProperties) = preSolution
		HideSolutionNode = FALSE
	EndGlobalSection
	GlobalSection(ExtensibilityGlobals) = postSolution
		SolutionGuid = {7F25942B-F1C6-4A4D-97BA-3390DB131FE9}
	EndGlobalSection
EndGlobal
